
Microsoft Visual Studio Solution File, Format Version 12.00
# Visual Studio 15
VisualStudioVersion = 15.0.27703.2035
MinimumVisualStudioVersion = 10.0.40219.1
Project("{9A19103F-16F7-4668-BE54-9A1E7A4F7556}") = "ForumMVC", "ForumMVC\ForumMVC.csproj", "{420A6BA8-11BF-4183-9921-46E5D4341931}"
EndProject
Project("{FAE04EC0-301F-11D3-BF4B-00C04F79EFBC}") = "ForumMVC.Data", "ForumMVC.Data\ForumMVC.Data.csproj", "{90F746E2-14B4-430A-8914-2AD5CDFC671C}"
EndProject
Global
	GlobalSection(SolutionConfigurationPlatforms) = preSolution
		Debug|Any CPU = Debug|Any CPU
		Release|Any CPU = Release|Any CPU
	EndGlobalSection
	GlobalSection(ProjectConfigurationPlatforms) = postSolution
		{420A6BA8-11BF-4183-9921-46E5D4341931}.Debug|Any CPU.ActiveCfg = Debug|Any CPU
		{420A6BA8-11BF-4183-9921-46E5D4341931}.Debug|Any CPU.Build.0 = Debug|Any CPU
		{420A6BA8-11BF-4183-9921-46E5D4341931}.Release|Any CPU.ActiveCfg = Release|Any CPU
		{420A6BA8-11BF-4183-9921-46E5D4341931}.Release|Any CPU.Build.0 = Release|Any CPU
		{90F746E2-14B4-430A-8914-2AD5CDFC671C}.Debug|Any CPU.ActiveCfg = Debug|Any CPU
		{90F746E2-14B4-430A-8914-2AD5CDFC671C}.Debug|Any CPU.Build.0 = Debug|Any CPU
		{90F746E2-14B4-430A-8914-2AD5CDFC671C}.Release|Any CPU.ActiveCfg = Release|Any CPU
		{90F746E2-14B4-430A-8914-2AD5CDFC671C}.Release|Any CPU.Build.0 = Release|Any CPU
	EndGlobalSection
	GlobalSection(SolutionProperties) = preSolution
		HideSolutionNode = FALSE
	EndGlobalSection
	GlobalSection(ExtensibilityGlobals) = postSolution
		SolutionGuid = {6BAABBF5-7305-4C4E-91AF-8E3691B0D181}
	EndGlobalSection
EndGlobal
